// !$*UTF8*$!
{
	archiveVersion = 1;
	classes = {
	};
	objectVersion = 50;
	objects = {

/* Begin PBXBuildFile section */
		9FAC7BB2243549EF00DB6181 /* AppDelegate.swift in Sources */ = {isa = PBXBuildFile; fileRef = 9FAC7BB1243549EF00DB6181 /* AppDelegate.swift */; };
		9FAC7BB4243549EF00DB6181 /* SceneDelegate.swift in Sources */ = {isa = PBXBuildFile; fileRef = 9FAC7BB3243549EF00DB6181 /* SceneDelegate.swift */; };
		9FAC7BB6243549EF00DB6181 /* ViewController.swift in Sources */ = {isa = PBXBuildFile; fileRef = 9FAC7BB5243549EF00DB6181 /* ViewController.swift */; };
		9FAC7BB9243549EF00DB6181 /* Main.storyboard in Resources */ = {isa = PBXBuildFile; fileRef = 9FAC7BB7243549EF00DB6181 /* Main.storyboard */; };
		9FAC7BBB243549F200DB6181 /* Assets.xcassets in Resources */ = {isa = PBXBuildFile; fileRef = 9FAC7BBA243549F200DB6181 /* Assets.xcassets */; };
		9FAC7BBE243549F200DB6181 /* LaunchScreen.storyboard in Resources */ = {isa = PBXBuildFile; fileRef = 9FAC7BBC243549F200DB6181 /* LaunchScreen.storyboard */; };
		9FAC7BC624354A5000DB6181 /* FakeImages.swift in Sources */ = {isa = PBXBuildFile; fileRef = 9FAC7BC524354A5000DB6181 /* FakeImages.swift */; };
		9FAC7BC824354BB700DB6181 /* CollectionViewBackgroundView.swift in Sources */ = {isa = PBXBuildFile; fileRef = 9FAC7BC724354BB700DB6181 /* CollectionViewBackgroundView.swift */; };
		9FAC7BCA2435601400DB6181 /* Cell.swift in Sources */ = {isa = PBXBuildFile; fileRef = 9FAC7BC92435601400DB6181 /* Cell.swift */; };
		9FD706B624380A9E00DAD0B5 /* TitleStackView.swift in Sources */ = {isa = PBXBuildFile; fileRef = 9FD706B524380A9E00DAD0B5 /* TitleStackView.swift */; };
		9FDBB6A82439F30F0027075A /* Flow.swift in Sources */ = {isa = PBXBuildFile; fileRef = 9FDBB6A72439F30F0027075A /* Flow.swift */; };
		F049CA722499F518001C3460 /* LayoutAttributes.swift in Sources */ = {isa = PBXBuildFile; fileRef = F049CA712499F518001C3460 /* LayoutAttributes.swift */; };
/* End PBXBuildFile section */

/* Begin PBXFileReference section */
		9FAC7BAE243549EF00DB6181 /* musicPlayer-Animation.app */ = {isa = PBXFileReference; explicitFileType = wrapper.application; includeInIndex = 0; path = "musicPlayer-Animation.app"; sourceTree = BUILT_PRODUCTS_DIR; };
		9FAC7BB1243549EF00DB6181 /* AppDelegate.swift */ = {isa = PBXFileReference; lastKnownFileType = sourcecode.swift; path = AppDelegate.swift; sourceTree = "<group>"; };
		9FAC7BB3243549EF00DB6181 /* SceneDelegate.swift */ = {isa = PBXFileReference; lastKnownFileType = sourcecode.swift; path = SceneDelegate.swift; sourceTree = "<group>"; };
		9FAC7BB5243549EF00DB6181 /* ViewController.swift */ = {isa = PBXFileReference; lastKnownFileType = sourcecode.swift; path = ViewController.swift; sourceTree = "<group>"; };
		9FAC7BB8243549EF00DB6181 /* Base */ = {isa = PBXFileReference; lastKnownFileType = file.storyboard; name = Base; path = Base.lproj/Main.storyboard; sourceTree = "<group>"; };
		9FAC7BBA243549F200DB6181 /* Assets.xcassets */ = {isa = PBXFileReference; lastKnownFileType = folder.assetcatalog; path = Assets.xcassets; sourceTree = "<group>"; };
		9FAC7BBD243549F200DB6181 /* Base */ = {isa = PBXFileReference; lastKnownFileType = file.storyboard; name = Base; path = Base.lproj/LaunchScreen.storyboard; sourceTree = "<group>"; };
		9FAC7BBF243549F200DB6181 /* Info.plist */ = {isa = PBXFileReference; lastKnownFileType = text.plist.xml; path = Info.plist; sourceTree = "<group>"; };
		9FAC7BC524354A5000DB6181 /* FakeImages.swift */ = {isa = PBXFileReference; lastKnownFileType = sourcecode.swift; path = FakeImages.swift; sourceTree = "<group>"; };
		9FAC7BC724354BB700DB6181 /* CollectionViewBackgroundView.swift */ = {isa = PBXFileReference; lastKnownFileType = sourcecode.swift; path = CollectionViewBackgroundView.swift; sourceTree = "<group>"; };
		9FAC7BC92435601400DB6181 /* Cell.swift */ = {isa = PBXFileReference; lastKnownFileType = sourcecode.swift; path = Cell.swift; sourceTree = "<group>"; };
		9FD706B524380A9E00DAD0B5 /* TitleStackView.swift */ = {isa = PBXFileReference; lastKnownFileType = sourcecode.swift; path = TitleStackView.swift; sourceTree = "<group>"; };
		9FDBB6A72439F30F0027075A /* Flow.swift */ = {isa = PBXFileReference; lastKnownFileType = sourcecode.swift; path = Flow.swift; sourceTree = "<group>"; };
		F049CA712499F518001C3460 /* LayoutAttributes.swift */ = {isa = PBXFileReference; lastKnownFileType = sourcecode.swift; path = LayoutAttributes.swift; sourceTree = "<group>"; };
/* End PBXFileReference section */

/* Begin PBXFrameworksBuildPhase section */
		9FAC7BAB243549EF00DB6181 /* Frameworks */ = {
			isa = PBXFrameworksBuildPhase;
			buildActionMask = 2147483647;
			files = (
			);
			runOnlyForDeploymentPostprocessing = 0;
		};
/* End PBXFrameworksBuildPhase section */

/* Begin PBXGroup section */
		9FAC7BA5243549EF00DB6181 = {
			isa = PBXGroup;
			children = (
				9FAC7BB0243549EF00DB6181 /* musicPlayer-Animation */,
				9FAC7BAF243549EF00DB6181 /* Products */,
			);
			sourceTree = "<group>";
		};
		9FAC7BAF243549EF00DB6181 /* Products */ = {
			isa = PBXGroup;
			children = (
				9FAC7BAE243549EF00DB6181 /* musicPlayer-Animation.app */,
			);
			name = Products;
			sourceTree = "<group>";
		};
		9FAC7BB0243549EF00DB6181 /* musicPlayer-Animation */ = {
			isa = PBXGroup;
			children = (
				9FAC7BB1243549EF00DB6181 /* AppDelegate.swift */,
				9FAC7BB3243549EF00DB6181 /* SceneDelegate.swift */,
				9FAC7BB5243549EF00DB6181 /* ViewController.swift */,
				9FAC7BC524354A5000DB6181 /* FakeImages.swift */,
				9FAC7BC92435601400DB6181 /* Cell.swift */,
				9FAC7BC724354BB700DB6181 /* CollectionViewBackgroundView.swift */,
				9FDBB6A72439F30F0027075A /* Flow.swift */,
				F049CA712499F518001C3460 /* LayoutAttributes.swift */,
				9FD706B524380A9E00DAD0B5 /* TitleStackView.swift */,
				9FAC7BB7243549EF00DB6181 /* Main.storyboard */,
				9FAC7BBA243549F200DB6181 /* Assets.xcassets */,
				9FAC7BBC243549F200DB6181 /* LaunchScreen.storyboard */,
				9FAC7BBF243549F200DB6181 /* Info.plist */,
			);
			path = "musicPlayer-Animation";
			sourceTree = "<group>";
		};
/* End PBXGroup section */

/* Begin PBXNativeTarget section */
		9FAC7BAD243549EF00DB6181 /* musicPlayer-Animation */ = {
			isa = PBXNativeTarget;
			buildConfigurationList = 9FAC7BC2243549F200DB6181 /* Build configuration list for PBXNativeTarget "musicPlayer-Animation" */;
			buildPhases = (
				9FAC7BAA243549EF00DB6181 /* Sources */,
				9FAC7BAB243549EF00DB6181 /* Frameworks */,
				9FAC7BAC243549EF00DB6181 /* Resources */,
			);
			buildRules = (
			);
			dependencies = (
			);
			name = "musicPlayer-Animation";
			productName = "musicPlayer-Animation";
			productReference = 9FAC7BAE243549EF00DB6181 /* musicPlayer-Animation.app */;
			productType = "com.apple.product-type.application";
		};
/* End PBXNativeTarget section */

/* Begin PBXProject section */
		9FAC7BA6243549EF00DB6181 /* Project object */ = {
			isa = PBXProject;
			attributes = {
				LastSwiftUpdateCheck = 1130;
				LastUpgradeCheck = 1130;
				ORGANIZATIONNAME = Hossam;
				TargetAttributes = {
					9FAC7BAD243549EF00DB6181 = {
						CreatedOnToolsVersion = 11.3.1;
					};
				};
			};
			buildConfigurationList = 9FAC7BA9243549EF00DB6181 /* Build configuration list for PBXProject "musicPlayer-Animation" */;
			compatibilityVersion = "Xcode 9.3";
			developmentRegion = en;
			hasScannedForEncodings = 0;
			knownRegions = (
				en,
				Base,
			);
			mainGroup = 9FAC7BA5243549EF00DB6181;
			productRefGroup = 9FAC7BAF243549EF00DB6181 /* Products */;
			projectDirPath = "";
			projectRoot = "";
			targets = (
				9FAC7BAD243549EF00DB6181 /* musicPlayer-Animation */,
			);
		};
/* End PBXProject section */

/* Begin PBXResourcesBuildPhase section */
		9FAC7BAC243549EF00DB6181 /* Resources */ = {
			isa = PBXResourcesBuildPhase;
			buildActionMask = 2147483647;
			files = (
				9FAC7BBE243549F200DB6181 /* LaunchScreen.storyboard in Resources */,
				9FAC7BBB243549F200DB6181 /* Assets.xcassets in Resources */,
				9FAC7BB9243549EF00DB6181 /* Main.storyboard in Resources */,
			);
			runOnlyForDeploymentPostprocessing = 0;
		};
/* End PBXResourcesBuildPhase section */

/* Begin PBXSourcesBuildPhase section */
		9FAC7BAA243549EF00DB6181 /* Sources */ = {
			isa = PBXSourcesBuildPhase;
			buildActionMask = 2147483647;
			files = (
				F049CA722499F518001C3460 /* LayoutAttributes.swift in Sources */,
				9FAC7BC624354A5000DB6181 /* FakeImages.swift in Sources */,
				9FAC7BB6243549EF00DB6181 /* ViewController.swift in Sources */,
				9FD706B624380A9E00DAD0B5 /* TitleStackView.swift in Sources */,
				9FAC7BC824354BB700DB6181 /* CollectionViewBackgroundView.swift in Sources */,
				9FAC7BB2243549EF00DB6181 /* AppDelegate.swift in Sources */,
				9FDBB6A82439F30F0027075A /* Flow.swift in Sources */,
				9FAC7BB4243549EF00DB6181 /* SceneDelegate.swift in Sources */,
				9FAC7BCA2435601400DB6181 /* Cell.swift in Sources */,
			);
			runOnlyForDeploymentPostprocessing = 0;
		};
/* End PBXSourcesBuildPhase section */

/* Begin PBXVariantGroup section */
		9FAC7BB7243549EF00DB6181 /* Main.storyboard */ = {
			isa = PBXVariantGroup;
			children = (
				9FAC7BB8243549EF00DB6181 /* Base */,
			);
			name = Main.storyboard;
			sourceTree = "<group>";
		};
		9FAC7BBC243549F200DB6181 /* LaunchScreen.storyboard */ = {
			isa = PBXVariantGroup;
			children = (
				9FAC7BBD243549F200DB6181 /* Base */,
			);
			name = LaunchScreen.storyboard;
			sourceTree = "<group>";
		};
/* End PBXVariantGroup section */

/* Begin XCBuildConfiguration section */
		9FAC7BC0243549F200DB6181 /* Debug */ = {
			isa = XCBuildConfiguration;
			buildSettings = {
				ALWAYS_SEARCH_USER_PATHS = NO;
				CLANG_ANALYZER_NONNULL = YES;
				CLANG_ANALYZER_NUMBER_OBJECT_CONVERSION = YES_AGGRESSIVE;
				CLANG_CXX_LANGUAGE_STANDARD = "gnu++14";
				CLANG_CXX_LIBRARY = "libc++";
				CLANG_ENABLE_MODULES = YES;
				CLANG_ENABLE_OBJC_ARC = YES;
				CLANG_ENABLE_OBJC_WEAK = YES;
				CLANG_WARN_BLOCK_CAPTURE_AUTORELEASING = YES;
				CLANG_WARN_BOOL_CONVERSION = YES;
				CLANG_WARN_COMMA = YES;
				CLANG_WARN_CONSTANT_CONVERSION = YES;
				CLANG_WARN_DEPRECATED_OBJC_IMPLEMENTATIONS = YES;
				CLANG_WARN_DIRECT_OBJC_ISA_USAGE = YES_ERROR;
				CLANG_WARN_DOCUMENTATION_COMMENTS = YES;
				CLANG_WARN_EMPTY_BODY = YES;
				CLANG_WARN_ENUM_CONVERSION = YES;
				CLANG_WARN_INFINITE_RECURSION = YES;
				CLANG_WARN_INT_CONVERSION = YES;
				CLANG_WARN_NON_LITERAL_NULL_CONVERSION = YES;
				CLANG_WARN_OBJC_IMPLICIT_RETAIN_SELF = YES;
				CLANG_WARN_OBJC_LITERAL_CONVERSION = YES;
				CLANG_WARN_OBJC_ROOT_CLASS = YES_ERROR;
				CLANG_WARN_RANGE_LOOP_ANALYSIS = YES;
				CLANG_WARN_STRICT_PROTOTYPES = YES;
				CLANG_WARN_SUSPICIOUS_MOVE = YES;
				CLANG_WARN_UNGUARDED_AVAILABILITY = YES_AGGRESSIVE;
				CLANG_WARN_UNREACHABLE_CODE = YES;
				CLANG_WARN__DUPLICATE_METHOD_MATCH = YES;
				COPY_PHASE_STRIP = NO;
				DEBUG_INFORMATION_FORMAT = dwarf;
				ENABLE_STRICT_OBJC_MSGSEND = YES;
				ENABLE_TESTABILITY = YES;
				GCC_C_LANGUAGE_STANDARD = gnu11;
				GCC_DYNAMIC_NO_PIC = NO;
				GCC_NO_COMMON_BLOCKS = YES;
				GCC_OPTIMIZATION_LEVEL = 0;
				GCC_PREPROCESSOR_DEFINITIONS = (
					"DEBUG=1",
					"$(inherited)",
				);
				GCC_WARN_64_TO_32_BIT_CONVERSION = YES;
				GCC_WARN_ABOUT_RETURN_TYPE = YES_ERROR;
				GCC_WARN_UNDECLARED_SELECTOR = YES;
				GCC_WARN_UNINITIALIZED_AUTOS = YES_AGGRESSIVE;
				GCC_WARN_UNUSED_FUNCTION = YES;
				GCC_WARN_UNUSED_VARIABLE = YES;
				IPHONEOS_DEPLOYMENT_TARGET = 12.4;
				MTL_ENABLE_DEBUG_INFO = INCLUDE_SOURCE;
				MTL_FAST_MATH = YES;
				ONLY_ACTIVE_ARCH = YES;
				SDKROOT = iphoneos;
				SWIFT_ACTIVE_COMPILATION_CONDITIONS = DEBUG;
				SWIFT_OPTIMIZATION_LEVEL = "-Onone";
			};
			name = Debug;
		};
		9FAC7BC1243549F200DB6181 /* Release */ = {
			isa = XCBuildConfiguration;
			buildSettings = {
				ALWAYS_SEARCH_USER_PATHS = NO;
				CLANG_ANALYZER_NONNULL = YES;
				CLANG_ANALYZER_NUMBER_OBJECT_CONVERSION = YES_AGGRESSIVE;
				CLANG_CXX_LANGUAGE_STANDARD = "gnu++14";
				CLANG_CXX_LIBRARY = "libc++";
				CLANG_ENABLE_MODULES = YES;
				CLANG_ENABLE_OBJC_ARC = YES;
				CLANG_ENABLE_OBJC_WEAK = YES;
				CLANG_WARN_BLOCK_CAPTURE_AUTORELEASING = YES;
				CLANG_WARN_BOOL_CONVERSION = YES;
				CLANG_WARN_COMMA = YES;
				CLANG_WARN_CONSTANT_CONVERSION = YES;
				CLANG_WARN_DEPRECATED_OBJC_IMPLEMENTATIONS = YES;
				CLANG_WARN_DIRECT_OBJC_ISA_USAGE = YES_ERROR;
				CLANG_WARN_DOCUMENTATION_COMMENTS = YES;
				CLANG_WARN_EMPTY_BODY = YES;
				CLANG_WARN_ENUM_CONVERSION = YES;
				CLANG_WARN_INFINITE_RECURSION = YES;
				CLANG_WARN_INT_CONVERSION = YES;
				CLANG_WARN_NON_LITERAL_NULL_CONVERSION = YES;
				CLANG_WARN_OBJC_IMPLICIT_RETAIN_SELF = YES;
				CLANG_WARN_OBJC_LITERAL_CONVERSION = YES;
				CLANG_WARN_OBJC_ROOT_CLASS = YES_ERROR;
				CLANG_WARN_RANGE_LOOP_ANALYSIS = YES;
				CLANG_WARN_STRICT_PROTOTYPES = YES;
				CLANG_WARN_SUSPICIOUS_MOVE = YES;
				CLANG_WARN_UNGUARDED_AVAILABILITY = YES_AGGRESSIVE;
				CLANG_WARN_UNREACHABLE_CODE = YES;
				CLANG_WARN__DUPLICATE_METHOD_MATCH = YES;
				COPY_PHASE_STRIP = NO;
				DEBUG_INFORMATION_FORMAT = "dwarf-with-dsym";
				ENABLE_NS_ASSERTIONS = NO;
				ENABLE_STRICT_OBJC_MSGSEND = YES;
				GCC_C_LANGUAGE_STANDARD = gnu11;
				GCC_NO_COMMON_BLOCKS = YES;
				GCC_WARN_64_TO_32_BIT_CONVERSION = YES;
				GCC_WARN_ABOUT_RETURN_TYPE = YES_ERROR;
				GCC_WARN_UNDECLARED_SELECTOR = YES;
				GCC_WARN_UNINITIALIZED_AUTOS = YES_AGGRESSIVE;
				GCC_WARN_UNUSED_FUNCTION = YES;
				GCC_WARN_UNUSED_VARIABLE = YES;
				IPHONEOS_DEPLOYMENT_TARGET = 12.4;
				MTL_ENABLE_DEBUG_INFO = NO;
				MTL_FAST_MATH = YES;
				SDKROOT = iphoneos;
				SWIFT_COMPILATION_MODE = wholemodule;
				SWIFT_OPTIMIZATION_LEVEL = "-O";
				VALIDATE_PRODUCT = YES;
			};
			name = Release;
		};
		9FAC7BC3243549F200DB6181 /* Debug */ = {
			isa = XCBuildConfiguration;
			buildSettings = {
				ASSETCATALOG_COMPILER_APPICON_NAME = AppIcon;
				CODE_SIGN_STYLE = Automatic;
				DEVELOPMENT_TEAM = X7QWY9M9DA;
				INFOPLIST_FILE = "musicPlayer-Animation/Info.plist";
				LD_RUNPATH_SEARCH_PATHS = (
					"$(inherited)",
					"@executable_path/Frameworks",
				);
				PRODUCT_BUNDLE_IDENTIFIER = "Rwndd.musicPlayer-Animation";
				PRODUCT_NAME = "$(TARGET_NAME)";
				SWIFT_VERSION = 5.0;
				TARGETED_DEVICE_FAMILY = "1,2";
			};
			name = Debug;
		};
		9FAC7BC4243549F200DB6181 /* Release */ = {
			isa = XCBuildConfiguration;
			buildSettings = {
				ASSETCATALOG_COMPILER_APPICON_NAME = AppIcon;
				CODE_SIGN_STYLE = Automatic;
				DEVELOPMENT_TEAM = X7QWY9M9DA;
				INFOPLIST_FILE = "musicPlayer-Animation/Info.plist";
				LD_RUNPATH_SEARCH_PATHS = (
					"$(inherited)",
					"@executable_path/Frameworks",
				);
				PRODUCT_BUNDLE_IDENTIFIER = "Rwndd.musicPlayer-Animation";
				PRODUCT_NAME = "$(TARGET_NAME)";
				SWIFT_VERSION = 5.0;
				TARGETED_DEVICE_FAMILY = "1,2";
			};
			name = Release;
		};
/* End XCBuildConfiguration section */

/* Begin XCConfigurationList section */
		9FAC7BA9243549EF00DB6181 /* Build configuration list for PBXProject "musicPlayer-Animation" */ = {
			isa = XCConfigurationList;
			buildConfigurations = (
				9FAC7BC0243549F200DB6181 /* Debug */,
				9FAC7BC1243549F200DB6181 /* Release */,
			);
			defaultConfigurationIsVisible = 0;
			defaultConfigurationName = Release;
		};
		9FAC7BC2243549F200DB6181 /* Build configuration list for PBXNativeTarget "musicPlayer-Animation" */ = {
			isa = XCConfigurationList;
			buildConfigurations = (
				9FAC7BC3243549F200DB6181 /* Debug */,
				9FAC7BC4243549F200DB6181 /* Release */,
			);
			defaultConfigurationIsVisible = 0;
			defaultConfigurationName = Release;
		};
/* End XCConfigurationList section */
	};
	rootObject = 9FAC7BA6243549EF00DB6181 /* Project object */;
}
